{
  "requires": true,
  "lockfileVersion": 1,
  "dependencies": {
    "hoist-non-react-statics": {
      "version": "1.2.0",
      "resolved": "https://registry.npmjs.org/hoist-non-react-statics/-/hoist-non-react-statics-1.2.0.tgz",
      "integrity": "sha1-qkSM8JhtVcxAdzsXF0t90GbLfPs=",
      "dev": true
    },
    "mobx": {
      "version": "3.2.2",
      "resolved": "https://registry.npmjs.org/mobx/-/mobx-3.2.2.tgz",
      "integrity": "sha1-qmcUWb7e39mIDJSIiaP2K84JJ5w=",
      "dev": true
    },
    "mobx-react": {
      "version": "4.2.2",
      "resolved": "https://registry.npmjs.org/mobx-react/-/mobx-react-4.2.2.tgz",
      "integrity": "sha1-25zDyv772DDQWEwRSa9armeCkgE=",
      "dev": true,
      "requires": {
        "hoist-non-react-statics": "1.2.0"
      }
    }
  }
}
